// !$*UTF8*$!
{
	archiveVersion = 1;
	classes = {
	};
	objectVersion = 56;
	objects = {

/* Begin PBXBuildFile section */
		7E74694F29B13BF0008FD93A /* PHYS_440_HW_3App.swift in Sources */ = {isa = PBXBuildFile; fileRef = 7E74694E29B13BF0008FD93A /* PHYS_440_HW_3App.swift */; };
		7E74695129B13BF0008FD93A /* ContentView.swift in Sources */ = {isa = PBXBuildFile; fileRef = 7E74695029B13BF0008FD93A /* ContentView.swift */; };
		7E74695329B13BF2008FD93A /* Assets.xcassets in Resources */ = {isa = PBXBuildFile; fileRef = 7E74695229B13BF2008FD93A /* Assets.xcassets */; };
		7E74695729B13BF2008FD93A /* Preview Assets.xcassets in Resources */ = {isa = PBXBuildFile; fileRef = 7E74695629B13BF2008FD93A /* Preview Assets.xcassets */; };
		7E74696129B13BF2008FD93A /* PHYS_440_HW_3Tests.swift in Sources */ = {isa = PBXBuildFile; fileRef = 7E74696029B13BF2008FD93A /* PHYS_440_HW_3Tests.swift */; };
		7E74696B29B13BF2008FD93A /* PHYS_440_HW_3UITests.swift in Sources */ = {isa = PBXBuildFile; fileRef = 7E74696A29B13BF2008FD93A /* PHYS_440_HW_3UITests.swift */; };
		7E74696D29B13BF2008FD93A /* PHYS_440_HW_3UITestsLaunchTests.swift in Sources */ = {isa = PBXBuildFile; fileRef = 7E74696C29B13BF2008FD93A /* PHYS_440_HW_3UITestsLaunchTests.swift */; };
/* End PBXBuildFile section */

/* Begin PBXContainerItemProxy section */
		7E74695D29B13BF2008FD93A /* PBXContainerItemProxy */ = {
			isa = PBXContainerItemProxy;
			containerPortal = 7E74694329B13BF0008FD93A /* Project object */;
			proxyType = 1;
			remoteGlobalIDString = 7E74694A29B13BF0008FD93A;
			remoteInfo = "PHYS 440 HW#3";
		};
		7E74696729B13BF2008FD93A /* PBXContainerItemProxy */ = {
			isa = PBXContainerItemProxy;
			containerPortal = 7E74694329B13BF0008FD93A /* Project object */;
			proxyType = 1;
			remoteGlobalIDString = 7E74694A29B13BF0008FD93A;
			remoteInfo = "PHYS 440 HW#3";
		};
/* End PBXContainerItemProxy section */

/* Begin PBXFileReference section */
		7E74694B29B13BF0008FD93A /* PHYS 440 HW#3.app */ = {isa = PBXFileReference; explicitFileType = wrapper.application; includeInIndex = 0; path = "PHYS 440 HW#3.app"; sourceTree = BUILT_PRODUCTS_DIR; };
		7E74694E29B13BF0008FD93A /* PHYS_440_HW_3App.swift */ = {isa = PBXFileReference; lastKnownFileType = sourcecode.swift; path = PHYS_440_HW_3App.swift; sourceTree = "<group>"; };
		7E74695029B13BF0008FD93A /* ContentView.swift */ = {isa = PBXFileReference; lastKnownFileType = sourcecode.swift; path = ContentView.swift; sourceTree = "<group>"; };
		7E74695229B13BF2008FD93A /* Assets.xcassets */ = {isa = PBXFileReference; lastKnownFileType = folder.assetcatalog; path = Assets.xcassets; sourceTree = "<group>"; };
		7E74695429B13BF2008FD93A /* PHYS_440_HW_3.entitlements */ = {isa = PBXFileReference; lastKnownFileType = text.plist.entitlements; path = PHYS_440_HW_3.entitlements; sourceTree = "<group>"; };
		7E74695629B13BF2008FD93A /* Preview Assets.xcassets */ = {isa = PBXFileReference; lastKnownFileType = folder.assetcatalog; path = "Preview Assets.xcassets"; sourceTree = "<group>"; };
		7E74695C29B13BF2008FD93A /* PHYS 440 HW#3Tests.xctest */ = {isa = PBXFileReference; explicitFileType = wrapper.cfbundle; includeInIndex = 0; path = "PHYS 440 HW#3Tests.xctest"; sourceTree = BUILT_PRODUCTS_DIR; };
		7E74696029B13BF2008FD93A /* PHYS_440_HW_3Tests.swift */ = {isa = PBXFileReference; lastKnownFileType = sourcecode.swift; path = PHYS_440_HW_3Tests.swift; sourceTree = "<group>"; };
		7E74696629B13BF2008FD93A /* PHYS 440 HW#3UITests.xctest */ = {isa = PBXFileReference; explicitFileType = wrapper.cfbundle; includeInIndex = 0; path = "PHYS 440 HW#3UITests.xctest"; sourceTree = BUILT_PRODUCTS_DIR; };
		7E74696A29B13BF2008FD93A /* PHYS_440_HW_3UITests.swift */ = {isa = PBXFileReference; lastKnownFileType = sourcecode.swift; path = PHYS_440_HW_3UITests.swift; sourceTree = "<group>"; };
		7E74696C29B13BF2008FD93A /* PHYS_440_HW_3UITestsLaunchTests.swift */ = {isa = PBXFileReference; lastKnownFileType = sourcecode.swift; path = PHYS_440_HW_3UITestsLaunchTests.swift; sourceTree = "<group>"; };
/* End PBXFileReference section */

/* Begin PBXFrameworksBuildPhase section */
		7E74694829B13BF0008FD93A /* Frameworks */ = {
			isa = PBXFrameworksBuildPhase;
			buildActionMask = 2147483647;
			files = (
			);
			runOnlyForDeploymentPostprocessing = 0;
		};
		7E74695929B13BF2008FD93A /* Frameworks */ = {
			isa = PBXFrameworksBuildPhase;
			buildActionMask = 2147483647;
			files = (
			);
			runOnlyForDeploymentPostprocessing = 0;
		};
		7E74696329B13BF2008FD93A /* Frameworks */ = {
			isa = PBXFrameworksBuildPhase;
			buildActionMask = 2147483647;
			files = (
			);
			runOnlyForDeploymentPostprocessing = 0;
		};
/* End PBXFrameworksBuildPhase section */

/* Begin PBXGroup section */
		7E74694229B13BF0008FD93A = {
			isa = PBXGroup;
			children = (
				7E74694D29B13BF0008FD93A /* PHYS 440 HW#3 */,
				7E74695F29B13BF2008FD93A /* PHYS 440 HW#3Tests */,
				7E74696929B13BF2008FD93A /* PHYS 440 HW#3UITests */,
				7E74694C29B13BF0008FD93A /* Products */,
			);
			sourceTree = "<group>";
		};
		7E74694C29B13BF0008FD93A /* Products */ = {
			isa = PBXGroup;
			children = (
				7E74694B29B13BF0008FD93A /* PHYS 440 HW#3.app */,
				7E74695C29B13BF2008FD93A /* PHYS 440 HW#3Tests.xctest */,
				7E74696629B13BF2008FD93A /* PHYS 440 HW#3UITests.xctest */,
			);
			name = Products;
			sourceTree = "<group>";
		};
		7E74694D29B13BF0008FD93A /* PHYS 440 HW#3 */ = {
			isa = PBXGroup;
			children = (
				7E74694E29B13BF0008FD93A /* PHYS_440_HW_3App.swift */,
				7E74695029B13BF0008FD93A /* ContentView.swift */,
				7E74695229B13BF2008FD93A /* Assets.xcassets */,
				7E74695429B13BF2008FD93A /* PHYS_440_HW_3.entitlements */,
				7E74695529B13BF2008FD93A /* Preview Content */,
			);
			path = "PHYS 440 HW#3";
			sourceTree = "<group>";
		};
		7E74695529B13BF2008FD93A /* Preview Content */ = {
			isa = PBXGroup;
			children = (
				7E74695629B13BF2008FD93A /* Preview Assets.xcassets */,
			);
			path = "Preview Content";
			sourceTree = "<group>";
		};
		7E74695F29B13BF2008FD93A /* PHYS 440 HW#3Tests */ = {
			isa = PBXGroup;
			children = (
				7E74696029B13BF2008FD93A /* PHYS_440_HW_3Tests.swift */,
			);
			path = "PHYS 440 HW#3Tests";
			sourceTree = "<group>";
		};
		7E74696929B13BF2008FD93A /* PHYS 440 HW#3UITests */ = {
			isa = PBXGroup;
			children = (
				7E74696A29B13BF2008FD93A /* PHYS_440_HW_3UITests.swift */,
				7E74696C29B13BF2008FD93A /* PHYS_440_HW_3UITestsLaunchTests.swift */,
			);
			path = "PHYS 440 HW#3UITests";
			sourceTree = "<group>";
		};
/* End PBXGroup section */

/* Begin PBXNativeTarget section */
		7E74694A29B13BF0008FD93A /* PHYS 440 HW#3 */ = {
			isa = PBXNativeTarget;
			buildConfigurationList = 7E74697029B13BF2008FD93A /* Build configuration list for PBXNativeTarget "PHYS 440 HW#3" */;
			buildPhases = (
				7E74694729B13BF0008FD93A /* Sources */,
				7E74694829B13BF0008FD93A /* Frameworks */,
				7E74694929B13BF0008FD93A /* Resources */,
			);
			buildRules = (
			);
			dependencies = (
			);
			name = "PHYS 440 HW#3";
			productName = "PHYS 440 HW#3";
			productReference = 7E74694B29B13BF0008FD93A /* PHYS 440 HW#3.app */;
			productType = "com.apple.product-type.application";
		};
		7E74695B29B13BF2008FD93A /* PHYS 440 HW#3Tests */ = {
			isa = PBXNativeTarget;
			buildConfigurationList = 7E74697329B13BF2008FD93A /* Build configuration list for PBXNativeTarget "PHYS 440 HW#3Tests" */;
			buildPhases = (
				7E74695829B13BF2008FD93A /* Sources */,
				7E74695929B13BF2008FD93A /* Frameworks */,
				7E74695A29B13BF2008FD93A /* Resources */,
			);
			buildRules = (
			);
			dependencies = (
				7E74695E29B13BF2008FD93A /* PBXTargetDependency */,
			);
			name = "PHYS 440 HW#3Tests";
			productName = "PHYS 440 HW#3Tests";
			productReference = 7E74695C29B13BF2008FD93A /* PHYS 440 HW#3Tests.xctest */;
			productType = "com.apple.product-type.bundle.unit-test";
		};
		7E74696529B13BF2008FD93A /* PHYS 440 HW#3UITests */ = {
			isa = PBXNativeTarget;
			buildConfigurationList = 7E74697629B13BF2008FD93A /* Build configuration list for PBXNativeTarget "PHYS 440 HW#3UITests" */;
			buildPhases = (
				7E74696229B13BF2008FD93A /* Sources */,
				7E74696329B13BF2008FD93A /* Frameworks */,
				7E74696429B13BF2008FD93A /* Resources */,
			);
			buildRules = (
			);
			dependencies = (
				7E74696829B13BF2008FD93A /* PBXTargetDependency */,
			);
			name = "PHYS 440 HW#3UITests";
			productName = "PHYS 440 HW#3UITests";
			productReference = 7E74696629B13BF2008FD93A /* PHYS 440 HW#3UITests.xctest */;
			productType = "com.apple.product-type.bundle.ui-testing";
		};
/* End PBXNativeTarget section */

/* Begin PBXProject section */
		7E74694329B13BF0008FD93A /* Project object */ = {
			isa = PBXProject;
			attributes = {
				BuildIndependentTargetsInParallel = 1;
				LastSwiftUpdateCheck = 1420;
				LastUpgradeCheck = 1420;
				TargetAttributes = {
					7E74694A29B13BF0008FD93A = {
						CreatedOnToolsVersion = 14.2;
					};
					7E74695B29B13BF2008FD93A = {
						CreatedOnToolsVersion = 14.2;
						TestTargetID = 7E74694A29B13BF0008FD93A;
					};
					7E74696529B13BF2008FD93A = {
						CreatedOnToolsVersion = 14.2;
						TestTargetID = 7E74694A29B13BF0008FD93A;
					};
				};
			};
			buildConfigurationList = 7E74694629B13BF0008FD93A /* Build configuration list for PBXProject "PHYS 440 HW#3" */;
			compatibilityVersion = "Xcode 14.0";
			developmentRegion = en;
			hasScannedForEncodings = 0;
			knownRegions = (
				en,
				Base,
			);
			mainGroup = 7E74694229B13BF0008FD93A;
			productRefGroup = 7E74694C29B13BF0008FD93A /* Products */;
			projectDirPath = "";
			projectRoot = "";
			targets = (
				7E74694A29B13BF0008FD93A /* PHYS 440 HW#3 */,
				7E74695B29B13BF2008FD93A /* PHYS 440 HW#3Tests */,
				7E74696529B13BF2008FD93A /* PHYS 440 HW#3UITests */,
			);
		};
/* End PBXProject section */

/* Begin PBXResourcesBuildPhase section */
		7E74694929B13BF0008FD93A /* Resources */ = {
			isa = PBXResourcesBuildPhase;
			buildActionMask = 2147483647;
			files = (
				7E74695729B13BF2008FD93A /* Preview Assets.xcassets in Resources */,
				7E74695329B13BF2008FD93A /* Assets.xcassets in Resources */,
			);
			runOnlyForDeploymentPostprocessing = 0;
		};
		7E74695A29B13BF2008FD93A /* Resources */ = {
			isa = PBXResourcesBuildPhase;
			buildActionMask = 2147483647;
			files = (
			);
			runOnlyForDeploymentPostprocessing = 0;
		};
		7E74696429B13BF2008FD93A /* Resources */ = {
			isa = PBXResourcesBuildPhase;
			buildActionMask = 2147483647;
			files = (
			);
			runOnlyForDeploymentPostprocessing = 0;
		};
/* End PBXResourcesBuildPhase section */

/* Begin PBXSourcesBuildPhase section */
		7E74694729B13BF0008FD93A /* Sources */ = {
			isa = PBXSourcesBuildPhase;
			buildActionMask = 2147483647;
			files = (
				7E74695129B13BF0008FD93A /* ContentView.swift in Sources */,
				7E74694F29B13BF0008FD93A /* PHYS_440_HW_3App.swift in Sources */,
			);
			runOnlyForDeploymentPostprocessing = 0;
		};
		7E74695829B13BF2008FD93A /* Sources */ = {
			isa = PBXSourcesBuildPhase;
			buildActionMask = 2147483647;
			files = (
				7E74696129B13BF2008FD93A /* PHYS_440_HW_3Tests.swift in Sources */,
			);
			runOnlyForDeploymentPostprocessing = 0;
		};
		7E74696229B13BF2008FD93A /* Sources */ = {
			isa = PBXSourcesBuildPhase;
			buildActionMask = 2147483647;
			files = (
				7E74696D29B13BF2008FD93A /* PHYS_440_HW_3UITestsLaunchTests.swift in Sources */,
				7E74696B29B13BF2008FD93A /* PHYS_440_HW_3UITests.swift in Sources */,
			);
			runOnlyForDeploymentPostprocessing = 0;
		};
/* End PBXSourcesBuildPhase section */

/* Begin PBXTargetDependency section */
		7E74695E29B13BF2008FD93A /* PBXTargetDependency */ = {
			isa = PBXTargetDependency;
			target = 7E74694A29B13BF0008FD93A /* PHYS 440 HW#3 */;
			targetProxy = 7E74695D29B13BF2008FD93A /* PBXContainerItemProxy */;
		};
		7E74696829B13BF2008FD93A /* PBXTargetDependency */ = {
			isa = PBXTargetDependency;
			target = 7E74694A29B13BF0008FD93A /* PHYS 440 HW#3 */;
			targetProxy = 7E74696729B13BF2008FD93A /* PBXContainerItemProxy */;
		};
/* End PBXTargetDependency section */

/* Begin XCBuildConfiguration section */
		7E74696E29B13BF2008FD93A /* Debug */ = {
			isa = XCBuildConfiguration;
			buildSettings = {
				ALWAYS_SEARCH_USER_PATHS = NO;
				CLANG_ANALYZER_NONNULL = YES;
				CLANG_ANALYZER_NUMBER_OBJECT_CONVERSION = YES_AGGRESSIVE;
				CLANG_CXX_LANGUAGE_STANDARD = "gnu++20";
				CLANG_ENABLE_MODULES = YES;
				CLANG_ENABLE_OBJC_ARC = YES;
				CLANG_ENABLE_OBJC_WEAK = YES;
				CLANG_WARN_BLOCK_CAPTURE_AUTORELEASING = YES;
				CLANG_WARN_BOOL_CONVERSION = YES;
				CLANG_WARN_COMMA = YES;
				CLANG_WARN_CONSTANT_CONVERSION = YES;
				CLANG_WARN_DEPRECATED_OBJC_IMPLEMENTATIONS = YES;
				CLANG_WARN_DIRECT_OBJC_ISA_USAGE = YES_ERROR;
				CLANG_WARN_DOCUMENTATION_COMMENTS = YES;
				CLANG_WARN_EMPTY_BODY = YES;
				CLANG_WARN_ENUM_CONVERSION = YES;
				CLANG_WARN_INFINITE_RECURSION = YES;
				CLANG_WARN_INT_CONVERSION = YES;
				CLANG_WARN_NON_LITERAL_NULL_CONVERSION = YES;
				CLANG_WARN_OBJC_IMPLICIT_RETAIN_SELF = YES;
				CLANG_WARN_OBJC_LITERAL_CONVERSION = YES;
				CLANG_WARN_OBJC_ROOT_CLASS = YES_ERROR;
				CLANG_WARN_QUOTED_INCLUDE_IN_FRAMEWORK_HEADER = YES;
				CLANG_WARN_RANGE_LOOP_ANALYSIS = YES;
				CLANG_WARN_STRICT_PROTOTYPES = YES;
				CLANG_WARN_SUSPICIOUS_MOVE = YES;
				CLANG_WARN_UNGUARDED_AVAILABILITY = YES_AGGRESSIVE;
				CLANG_WARN_UNREACHABLE_CODE = YES;
				CLANG_WARN__DUPLICATE_METHOD_MATCH = YES;
				COPY_PHASE_STRIP = NO;
				DEBUG_INFORMATION_FORMAT = dwarf;
				ENABLE_STRICT_OBJC_MSGSEND = YES;
				ENABLE_TESTABILITY = YES;
				GCC_C_LANGUAGE_STANDARD = gnu11;
				GCC_DYNAMIC_NO_PIC = NO;
				GCC_NO_COMMON_BLOCKS = YES;
				GCC_OPTIMIZATION_LEVEL = 0;
				GCC_PREPROCESSOR_DEFINITIONS = (
					"DEBUG=1",
					"$(inherited)",
				);
				GCC_WARN_64_TO_32_BIT_CONVERSION = YES;
				GCC_WARN_ABOUT_RETURN_TYPE = YES_ERROR;
				GCC_WARN_UNDECLARED_SELECTOR = YES;
				GCC_WARN_UNINITIALIZED_AUTOS = YES_AGGRESSIVE;
				GCC_WARN_UNUSED_FUNCTION = YES;
				GCC_WARN_UNUSED_VARIABLE = YES;
				MTL_ENABLE_DEBUG_INFO = INCLUDE_SOURCE;
				MTL_FAST_MATH = YES;
				ONLY_ACTIVE_ARCH = YES;
				SWIFT_ACTIVE_COMPILATION_CONDITIONS = DEBUG;
				SWIFT_OPTIMIZATION_LEVEL = "-Onone";
			};
			name = Debug;
		};
		7E74696F29B13BF2008FD93A /* Release */ = {
			isa = XCBuildConfiguration;
			buildSettings = {
				ALWAYS_SEARCH_USER_PATHS = NO;
				CLANG_ANALYZER_NONNULL = YES;
				CLANG_ANALYZER_NUMBER_OBJECT_CONVERSION = YES_AGGRESSIVE;
				CLANG_CXX_LANGUAGE_STANDARD = "gnu++20";
				CLANG_ENABLE_MODULES = YES;
				CLANG_ENABLE_OBJC_ARC = YES;
				CLANG_ENABLE_OBJC_WEAK = YES;
				CLANG_WARN_BLOCK_CAPTURE_AUTORELEASING = YES;
				CLANG_WARN_BOOL_CONVERSION = YES;
				CLANG_WARN_COMMA = YES;
				CLANG_WARN_CONSTANT_CONVERSION = YES;
				CLANG_WARN_DEPRECATED_OBJC_IMPLEMENTATIONS = YES;
				CLANG_WARN_DIRECT_OBJC_ISA_USAGE = YES_ERROR;
				CLANG_WARN_DOCUMENTATION_COMMENTS = YES;
				CLANG_WARN_EMPTY_BODY = YES;
				CLANG_WARN_ENUM_CONVERSION = YES;
				CLANG_WARN_INFINITE_RECURSION = YES;
				CLANG_WARN_INT_CONVERSION = YES;
				CLANG_WARN_NON_LITERAL_NULL_CONVERSION = YES;
				CLANG_WARN_OBJC_IMPLICIT_RETAIN_SELF = YES;
				CLANG_WARN_OBJC_LITERAL_CONVERSION = YES;
				CLANG_WARN_OBJC_ROOT_CLASS = YES_ERROR;
				CLANG_WARN_QUOTED_INCLUDE_IN_FRAMEWORK_HEADER = YES;
				CLANG_WARN_RANGE_LOOP_ANALYSIS = YES;
				CLANG_WARN_STRICT_PROTOTYPES = YES;
				CLANG_WARN_SUSPICIOUS_MOVE = YES;
				CLANG_WARN_UNGUARDED_AVAILABILITY = YES_AGGRESSIVE;
				CLANG_WARN_UNREACHABLE_CODE = YES;
				CLANG_WARN__DUPLICATE_METHOD_MATCH = YES;
				COPY_PHASE_STRIP = NO;
				DEBUG_INFORMATION_FORMAT = "dwarf-with-dsym";
				ENABLE_NS_ASSERTIONS = NO;
				ENABLE_STRICT_OBJC_MSGSEND = YES;
				GCC_C_LANGUAGE_STANDARD = gnu11;
				GCC_NO_COMMON_BLOCKS = YES;
				GCC_WARN_64_TO_32_BIT_CONVERSION = YES;
				GCC_WARN_ABOUT_RETURN_TYPE = YES_ERROR;
				GCC_WARN_UNDECLARED_SELECTOR = YES;
				GCC_WARN_UNINITIALIZED_AUTOS = YES_AGGRESSIVE;
				GCC_WARN_UNUSED_FUNCTION = YES;
				GCC_WARN_UNUSED_VARIABLE = YES;
				MTL_ENABLE_DEBUG_INFO = NO;
				MTL_FAST_MATH = YES;
				SWIFT_COMPILATION_MODE = wholemodule;
				SWIFT_OPTIMIZATION_LEVEL = "-O";
			};
			name = Release;
		};
		7E74697129B13BF2008FD93A /* Debug */ = {
			isa = XCBuildConfiguration;
			buildSettings = {
				ASSETCATALOG_COMPILER_APPICON_NAME = AppIcon;
				ASSETCATALOG_COMPILER_GLOBAL_ACCENT_COLOR_NAME = AccentColor;
				CODE_SIGN_ENTITLEMENTS = "PHYS 440 HW#3/PHYS_440_HW_3.entitlements";
				CODE_SIGN_STYLE = Automatic;
				CURRENT_PROJECT_VERSION = 1;
				DEVELOPMENT_ASSET_PATHS = "\"PHYS 440 HW#3/Preview Content\"";
				DEVELOPMENT_TEAM = N9R84UDA3B;
				ENABLE_HARDENED_RUNTIME = YES;
				ENABLE_PREVIEWS = YES;
				GENERATE_INFOPLIST_FILE = YES;
				"INFOPLIST_KEY_UIApplicationSceneManifest_Generation[sdk=iphoneos*]" = YES;
				"INFOPLIST_KEY_UIApplicationSceneManifest_Generation[sdk=iphonesimulator*]" = YES;
				"INFOPLIST_KEY_UIApplicationSupportsIndirectInputEvents[sdk=iphoneos*]" = YES;
				"INFOPLIST_KEY_UIApplicationSupportsIndirectInputEvents[sdk=iphonesimulator*]" = YES;
				"INFOPLIST_KEY_UILaunchScreen_Generation[sdk=iphoneos*]" = YES;
				"INFOPLIST_KEY_UILaunchScreen_Generation[sdk=iphonesimulator*]" = YES;
				"INFOPLIST_KEY_UIStatusBarStyle[sdk=iphoneos*]" = UIStatusBarStyleDefault;
				"INFOPLIST_KEY_UIStatusBarStyle[sdk=iphonesimulator*]" = UIStatusBarStyleDefault;
				INFOPLIST_KEY_UISupportedInterfaceOrientations_iPad = "UIInterfaceOrientationPortrait UIInterfaceOrientationPortraitUpsideDown UIInterfaceOrientationLandscapeLeft UIInterfaceOrientationLandscapeRight";
				INFOPLIST_KEY_UISupportedInterfaceOrientations_iPhone = "UIInterfaceOrientationPortrait UIInterfaceOrientationLandscapeLeft UIInterfaceOrientationLandscapeRight";
				IPHONEOS_DEPLOYMENT_TARGET = 16.2;
				LD_RUNPATH_SEARCH_PATHS = "@executable_path/Frameworks";
				"LD_RUNPATH_SEARCH_PATHS[sdk=macosx*]" = "@executable_path/../Frameworks";
				MACOSX_DEPLOYMENT_TARGET = 13.1;
				MARKETING_VERSION = 1.0;
				PRODUCT_BUNDLE_IDENTIFIER = "com.Claire.PHYS-440-HW-3";
				PRODUCT_NAME = "$(TARGET_NAME)";
				SDKROOT = auto;
				SUPPORTED_PLATFORMS = "iphoneos iphonesimulator macosx";
				SWIFT_EMIT_LOC_STRINGS = YES;
				SWIFT_VERSION = 5.0;
				TARGETED_DEVICE_FAMILY = "1,2";
			};
			name = Debug;
		};
		7E74697229B13BF2008FD93A /* Release */ = {
			isa = XCBuildConfiguration;
			buildSettings = {
				ASSETCATALOG_COMPILER_APPICON_NAME = AppIcon;
				ASSETCATALOG_COMPILER_GLOBAL_ACCENT_COLOR_NAME = AccentColor;
				CODE_SIGN_ENTITLEMENTS = "PHYS 440 HW#3/PHYS_440_HW_3.entitlements";
				CODE_SIGN_STYLE = Automatic;
				CURRENT_PROJECT_VERSION = 1;
				DEVELOPMENT_ASSET_PATHS = "\"PHYS 440 HW#3/Preview Content\"";
				DEVELOPMENT_TEAM = N9R84UDA3B;
				ENABLE_HARDENED_RUNTIME = YES;
				ENABLE_PREVIEWS = YES;
				GENERATE_INFOPLIST_FILE = YES;
				"INFOPLIST_KEY_UIApplicationSceneManifest_Generation[sdk=iphoneos*]" = YES;
				"INFOPLIST_KEY_UIApplicationSceneManifest_Generation[sdk=iphonesimulator*]" = YES;
				"INFOPLIST_KEY_UIApplicationSupportsIndirectInputEvents[sdk=iphoneos*]" = YES;
				"INFOPLIST_KEY_UIApplicationSupportsIndirectInputEvents[sdk=iphonesimulator*]" = YES;
				"INFOPLIST_KEY_UILaunchScreen_Generation[sdk=iphoneos*]" = YES;
				"INFOPLIST_KEY_UILaunchScreen_Generation[sdk=iphonesimulator*]" = YES;
				"INFOPLIST_KEY_UIStatusBarStyle[sdk=iphoneos*]" = UIStatusBarStyleDefault;
				"INFOPLIST_KEY_UIStatusBarStyle[sdk=iphonesimulator*]" = UIStatusBarStyleDefault;
				INFOPLIST_KEY_UISupportedInterfaceOrientations_iPad = "UIInterfaceOrientationPortrait UIInterfaceOrientationPortraitUpsideDown UIInterfaceOrientationLandscapeLeft UIInterfaceOrientationLandscapeRight";
				INFOPLIST_KEY_UISupportedInterfaceOrientations_iPhone = "UIInterfaceOrientationPortrait UIInterfaceOrientationLandscapeLeft UIInterfaceOrientationLandscapeRight";
				IPHONEOS_DEPLOYMENT_TARGET = 16.2;
				LD_RUNPATH_SEARCH_PATHS = "@executable_path/Frameworks";
				"LD_RUNPATH_SEARCH_PATHS[sdk=macosx*]" = "@executable_path/../Frameworks";
				MACOSX_DEPLOYMENT_TARGET = 13.1;
				MARKETING_VERSION = 1.0;
				PRODUCT_BUNDLE_IDENTIFIER = "com.Claire.PHYS-440-HW-3";
				PRODUCT_NAME = "$(TARGET_NAME)";
				SDKROOT = auto;
				SUPPORTED_PLATFORMS = "iphoneos iphonesimulator macosx";
				SWIFT_EMIT_LOC_STRINGS = YES;
				SWIFT_VERSION = 5.0;
				TARGETED_DEVICE_FAMILY = "1,2";
			};
			name = Release;
		};
		7E74697429B13BF2008FD93A /* Debug */ = {
			isa = XCBuildConfiguration;
			buildSettings = {
				ALWAYS_EMBED_SWIFT_STANDARD_LIBRARIES = YES;
				BUNDLE_LOADER = "$(TEST_HOST)";
				CODE_SIGN_STYLE = Automatic;
				CURRENT_PROJECT_VERSION = 1;
				DEVELOPMENT_TEAM = N9R84UDA3B;
				GENERATE_INFOPLIST_FILE = YES;
				IPHONEOS_DEPLOYMENT_TARGET = 16.2;
				MACOSX_DEPLOYMENT_TARGET = 13.1;
				MARKETING_VERSION = 1.0;
				PRODUCT_BUNDLE_IDENTIFIER = "com.Claire.PHYS-440-HW-3Tests";
				PRODUCT_NAME = "$(TARGET_NAME)";
				SDKROOT = auto;
				SUPPORTED_PLATFORMS = "iphoneos iphonesimulator macosx";
				SWIFT_EMIT_LOC_STRINGS = NO;
				SWIFT_VERSION = 5.0;
				TARGETED_DEVICE_FAMILY = "1,2";
				TEST_HOST = "$(BUILT_PRODUCTS_DIR)/PHYS 440 HW#3.app/$(BUNDLE_EXECUTABLE_FOLDER_PATH)/PHYS 440 HW#3";
			};
			name = Debug;
		};
		7E74697529B13BF2008FD93A /* Release */ = {
			isa = XCBuildConfiguration;
			buildSettings = {
				ALWAYS_EMBED_SWIFT_STANDARD_LIBRARIES = YES;
				BUNDLE_LOADER = "$(TEST_HOST)";
				CODE_SIGN_STYLE = Automatic;
				CURRENT_PROJECT_VERSION = 1;
				DEVELOPMENT_TEAM = N9R84UDA3B;
				GENERATE_INFOPLIST_FILE = YES;
				IPHONEOS_DEPLOYMENT_TARGET = 16.2;
				MACOSX_DEPLOYMENT_TARGET = 13.1;
				MARKETING_VERSION = 1.0;
				PRODUCT_BUNDLE_IDENTIFIER = "com.Claire.PHYS-440-HW-3Tests";
				PRODUCT_NAME = "$(TARGET_NAME)";
				SDKROOT = auto;
				SUPPORTED_PLATFORMS = "iphoneos iphonesimulator macosx";
				SWIFT_EMIT_LOC_STRINGS = NO;
				SWIFT_VERSION = 5.0;
				TARGETED_DEVICE_FAMILY = "1,2";
				TEST_HOST = "$(BUILT_PRODUCTS_DIR)/PHYS 440 HW#3.app/$(BUNDLE_EXECUTABLE_FOLDER_PATH)/PHYS 440 HW#3";
			};
			name = Release;
		};
		7E74697729B13BF2008FD93A /* Debug */ = {
			isa = XCBuildConfiguration;
			buildSettings = {
				ALWAYS_EMBED_SWIFT_STANDARD_LIBRARIES = YES;
				CODE_SIGN_STYLE = Automatic;
				CURRENT_PROJECT_VERSION = 1;
				DEVELOPMENT_TEAM = N9R84UDA3B;
				GENERATE_INFOPLIST_FILE = YES;
				IPHONEOS_DEPLOYMENT_TARGET = 16.2;
				MACOSX_DEPLOYMENT_TARGET = 13.1;
				MARKETING_VERSION = 1.0;
				PRODUCT_BUNDLE_IDENTIFIER = "com.Claire.PHYS-440-HW-3UITests";
				PRODUCT_NAME = "$(TARGET_NAME)";
				SDKROOT = auto;
				SUPPORTED_PLATFORMS = "iphoneos iphonesimulator macosx";
				SWIFT_EMIT_LOC_STRINGS = NO;
				SWIFT_VERSION = 5.0;
				TARGETED_DEVICE_FAMILY = "1,2";
				TEST_TARGET_NAME = "PHYS 440 HW#3";
			};
			name = Debug;
		};
		7E74697829B13BF2008FD93A /* Release */ = {
			isa = XCBuildConfiguration;
			buildSettings = {
				ALWAYS_EMBED_SWIFT_STANDARD_LIBRARIES = YES;
				CODE_SIGN_STYLE = Automatic;
				CURRENT_PROJECT_VERSION = 1;
				DEVELOPMENT_TEAM = N9R84UDA3B;
				GENERATE_INFOPLIST_FILE = YES;
				IPHONEOS_DEPLOYMENT_TARGET = 16.2;
				MACOSX_DEPLOYMENT_TARGET = 13.1;
				MARKETING_VERSION = 1.0;
				PRODUCT_BUNDLE_IDENTIFIER = "com.Claire.PHYS-440-HW-3UITests";
				PRODUCT_NAME = "$(TARGET_NAME)";
				SDKROOT = auto;
				SUPPORTED_PLATFORMS = "iphoneos iphonesimulator macosx";
				SWIFT_EMIT_LOC_STRINGS = NO;
				SWIFT_VERSION = 5.0;
				TARGETED_DEVICE_FAMILY = "1,2";
				TEST_TARGET_NAME = "PHYS 440 HW#3";
			};
			name = Release;
		};
/* End XCBuildConfiguration section */

/* Begin XCConfigurationList section */
		7E74694629B13BF0008FD93A /* Build configuration list for PBXProject "PHYS 440 HW#3" */ = {
			isa = XCConfigurationList;
			buildConfigurations = (
				7E74696E29B13BF2008FD93A /* Debug */,
				7E74696F29B13BF2008FD93A /* Release */,
			);
			defaultConfigurationIsVisible = 0;
			defaultConfigurationName = Release;
		};
		7E74697029B13BF2008FD93A /* Build configuration list for PBXNativeTarget "PHYS 440 HW#3" */ = {
			isa = XCConfigurationList;
			buildConfigurations = (
				7E74697129B13BF2008FD93A /* Debug */,
				7E74697229B13BF2008FD93A /* Release */,
			);
			defaultConfigurationIsVisible = 0;
			defaultConfigurationName = Release;
		};
		7E74697329B13BF2008FD93A /* Build configuration list for PBXNativeTarget "PHYS 440 HW#3Tests" */ = {
			isa = XCConfigurationList;
			buildConfigurations = (
				7E74697429B13BF2008FD93A /* Debug */,
				7E74697529B13BF2008FD93A /* Release */,
			);
			defaultConfigurationIsVisible = 0;
			defaultConfigurationName = Release;
		};
		7E74697629B13BF2008FD93A /* Build configuration list for PBXNativeTarget "PHYS 440 HW#3UITests" */ = {
			isa = XCConfigurationList;
			buildConfigurations = (
				7E74697729B13BF2008FD93A /* Debug */,
				7E74697829B13BF2008FD93A /* Release */,
			);
			defaultConfigurationIsVisible = 0;
			defaultConfigurationName = Release;
		};
/* End XCConfigurationList section */
	};
	rootObject = 7E74694329B13BF0008FD93A /* Project object */;
}
